// !$*UTF8*$!
{
	archiveVersion = 1;
	classes = {
	};
	objectVersion = 50;
	objects = {

/* Begin PBXBuildFile section */
		3ED1C4973A0EB64311FA6087 /* Pods_Swift_DemoTests.framework in Frameworks */ = {isa = PBXBuildFile; fileRef = D34DB027E635B774661BB3F9 /* Pods_Swift_DemoTests.framework */; };
		8107B7F0227145890054CB1D /* AppDelegate.swift in Sources */ = {isa = PBXBuildFile; fileRef = 8107B7EF227145890054CB1D /* AppDelegate.swift */; };
		8107B7F72271458A0054CB1D /* Assets.xcassets in Resources */ = {isa = PBXBuildFile; fileRef = 8107B7F62271458A0054CB1D /* Assets.xcassets */; };
		8107B7FA2271458A0054CB1D /* LaunchScreen.storyboard in Resources */ = {isa = PBXBuildFile; fileRef = 8107B7F82271458A0054CB1D /* LaunchScreen.storyboard */; };
		8107B8052271458A0054CB1D /* Swift_DemoTests.swift in Sources */ = {isa = PBXBuildFile; fileRef = 8107B8042271458A0054CB1D /* Swift_DemoTests.swift */; };
		8107B8102271458A0054CB1D /* Swift_DemoUITests.swift in Sources */ = {isa = PBXBuildFile; fileRef = 8107B80F2271458A0054CB1D /* Swift_DemoUITests.swift */; };
		8107B82A227147120054CB1D /* BaseTabbarController.swift in Sources */ = {isa = PBXBuildFile; fileRef = 8107B829227147120054CB1D /* BaseTabbarController.swift */; };
		814EE11A227E801F0068F765 /* AnimateTool.swift in Sources */ = {isa = PBXBuildFile; fileRef = 814EE119227E801F0068F765 /* AnimateTool.swift */; };
		81CFB0412273048200701D12 /* BaseViewController.swift in Sources */ = {isa = PBXBuildFile; fileRef = 81CFB0402273048200701D12 /* BaseViewController.swift */; };
		81CFB0432273049900701D12 /* HomeMainVC.swift in Sources */ = {isa = PBXBuildFile; fileRef = 81CFB0422273049900701D12 /* HomeMainVC.swift */; };
		81CFB045227304A600701D12 /* MarkMainVC.swift in Sources */ = {isa = PBXBuildFile; fileRef = 81CFB044227304A600701D12 /* MarkMainVC.swift */; };
		81CFB047227304B500701D12 /* TradeMainVC.swift in Sources */ = {isa = PBXBuildFile; fileRef = 81CFB046227304B500701D12 /* TradeMainVC.swift */; };
		81CFB049227304C200701D12 /* MeMainVC.swift in Sources */ = {isa = PBXBuildFile; fileRef = 81CFB048227304C200701D12 /* MeMainVC.swift */; };
		81CFB05322730D1200701D12 /* OtherMainVC.swift in Sources */ = {isa = PBXBuildFile; fileRef = 81CFB05222730D1200701D12 /* OtherMainVC.swift */; };
		8D19C0CEDEBA14BF7EED642F /* Pods_Swift_Demo.framework in Frameworks */ = {isa = PBXBuildFile; fileRef = 3A859A29D67B8ABF57D162C3 /* Pods_Swift_Demo.framework */; };
		9BF2C394CD66A4E1E5E29E76 /* Pods_Swift_DemoUITests.framework in Frameworks */ = {isa = PBXBuildFile; fileRef = 6AC70EA27613A1481DCF9D0B /* Pods_Swift_DemoUITests.framework */; };
/* End PBXBuildFile section */

/* Begin PBXContainerItemProxy section */
		8107B8012271458A0054CB1D /* PBXContainerItemProxy */ = {
			isa = PBXContainerItemProxy;
			containerPortal = 8107B7E4227145890054CB1D /* Project object */;
			proxyType = 1;
			remoteGlobalIDString = 8107B7EB227145890054CB1D;
			remoteInfo = Swift_Demo;
		};
		8107B80C2271458A0054CB1D /* PBXContainerItemProxy */ = {
			isa = PBXContainerItemProxy;
			containerPortal = 8107B7E4227145890054CB1D /* Project object */;
			proxyType = 1;
			remoteGlobalIDString = 8107B7EB227145890054CB1D;
			remoteInfo = Swift_Demo;
		};
/* End PBXContainerItemProxy section */

/* Begin PBXFileReference section */
		07A82AEA383CB892289DEDCA /* Pods-Swift_DemoTests.release.xcconfig */ = {isa = PBXFileReference; includeInIndex = 1; lastKnownFileType = text.xcconfig; name = "Pods-Swift_DemoTests.release.xcconfig"; path = "Target Support Files/Pods-Swift_DemoTests/Pods-Swift_DemoTests.release.xcconfig"; sourceTree = "<group>"; };
		0E2EEAF9B81BEC2973A96EF2 /* Pods-Swift_Demo.debug.xcconfig */ = {isa = PBXFileReference; includeInIndex = 1; lastKnownFileType = text.xcconfig; name = "Pods-Swift_Demo.debug.xcconfig"; path = "Target Support Files/Pods-Swift_Demo/Pods-Swift_Demo.debug.xcconfig"; sourceTree = "<group>"; };
		3A859A29D67B8ABF57D162C3 /* Pods_Swift_Demo.framework */ = {isa = PBXFileReference; explicitFileType = wrapper.framework; includeInIndex = 0; path = Pods_Swift_Demo.framework; sourceTree = BUILT_PRODUCTS_DIR; };
		402812CB77BDB3C44D3AA40B /* Pods-Swift_Demo.release.xcconfig */ = {isa = PBXFileReference; includeInIndex = 1; lastKnownFileType = text.xcconfig; name = "Pods-Swift_Demo.release.xcconfig"; path = "Target Support Files/Pods-Swift_Demo/Pods-Swift_Demo.release.xcconfig"; sourceTree = "<group>"; };
		4BE63B31C13CF8E841E7E433 /* Pods-Swift_DemoTests.debug.xcconfig */ = {isa = PBXFileReference; includeInIndex = 1; lastKnownFileType = text.xcconfig; name = "Pods-Swift_DemoTests.debug.xcconfig"; path = "Target Support Files/Pods-Swift_DemoTests/Pods-Swift_DemoTests.debug.xcconfig"; sourceTree = "<group>"; };
		6AC70EA27613A1481DCF9D0B /* Pods_Swift_DemoUITests.framework */ = {isa = PBXFileReference; explicitFileType = wrapper.framework; includeInIndex = 0; path = Pods_Swift_DemoUITests.framework; sourceTree = BUILT_PRODUCTS_DIR; };
		8107B7EC227145890054CB1D /* Swift_Demo.app */ = {isa = PBXFileReference; explicitFileType = wrapper.application; includeInIndex = 0; path = Swift_Demo.app; sourceTree = BUILT_PRODUCTS_DIR; };
		8107B7EF227145890054CB1D /* AppDelegate.swift */ = {isa = PBXFileReference; lastKnownFileType = sourcecode.swift; path = AppDelegate.swift; sourceTree = "<group>"; };
		8107B7F62271458A0054CB1D /* Assets.xcassets */ = {isa = PBXFileReference; lastKnownFileType = folder.assetcatalog; path = Assets.xcassets; sourceTree = "<group>"; };
		8107B7F92271458A0054CB1D /* Base */ = {isa = PBXFileReference; lastKnownFileType = file.storyboard; name = Base; path = Base.lproj/LaunchScreen.storyboard; sourceTree = "<group>"; };
		8107B7FB2271458A0054CB1D /* Info.plist */ = {isa = PBXFileReference; lastKnownFileType = text.plist.xml; path = Info.plist; sourceTree = "<group>"; };
		8107B8002271458A0054CB1D /* Swift_DemoTests.xctest */ = {isa = PBXFileReference; explicitFileType = wrapper.cfbundle; includeInIndex = 0; path = Swift_DemoTests.xctest; sourceTree = BUILT_PRODUCTS_DIR; };
		8107B8042271458A0054CB1D /* Swift_DemoTests.swift */ = {isa = PBXFileReference; lastKnownFileType = sourcecode.swift; path = Swift_DemoTests.swift; sourceTree = "<group>"; };
		8107B8062271458A0054CB1D /* Info.plist */ = {isa = PBXFileReference; lastKnownFileType = text.plist.xml; path = Info.plist; sourceTree = "<group>"; };
		8107B80B2271458A0054CB1D /* Swift_DemoUITests.xctest */ = {isa = PBXFileReference; explicitFileType = wrapper.cfbundle; includeInIndex = 0; path = Swift_DemoUITests.xctest; sourceTree = BUILT_PRODUCTS_DIR; };
		8107B80F2271458A0054CB1D /* Swift_DemoUITests.swift */ = {isa = PBXFileReference; lastKnownFileType = sourcecode.swift; path = Swift_DemoUITests.swift; sourceTree = "<group>"; };
		8107B8112271458A0054CB1D /* Info.plist */ = {isa = PBXFileReference; lastKnownFileType = text.plist.xml; path = Info.plist; sourceTree = "<group>"; };
		8107B829227147120054CB1D /* BaseTabbarController.swift */ = {isa = PBXFileReference; lastKnownFileType = sourcecode.swift; path = BaseTabbarController.swift; sourceTree = "<group>"; };
		814EE119227E801F0068F765 /* AnimateTool.swift */ = {isa = PBXFileReference; lastKnownFileType = sourcecode.swift; path = AnimateTool.swift; sourceTree = "<group>"; };
		81CFB0402273048200701D12 /* BaseViewController.swift */ = {isa = PBXFileReference; lastKnownFileType = sourcecode.swift; path = BaseViewController.swift; sourceTree = "<group>"; };
		81CFB0422273049900701D12 /* HomeMainVC.swift */ = {isa = PBXFileReference; lastKnownFileType = sourcecode.swift; path = HomeMainVC.swift; sourceTree = "<group>"; };
		81CFB044227304A600701D12 /* MarkMainVC.swift */ = {isa = PBXFileReference; lastKnownFileType = sourcecode.swift; path = MarkMainVC.swift; sourceTree = "<group>"; };
		81CFB046227304B500701D12 /* TradeMainVC.swift */ = {isa = PBXFileReference; lastKnownFileType = sourcecode.swift; path = TradeMainVC.swift; sourceTree = "<group>"; };
		81CFB048227304C200701D12 /* MeMainVC.swift */ = {isa = PBXFileReference; lastKnownFileType = sourcecode.swift; path = MeMainVC.swift; sourceTree = "<group>"; };
		81CFB05222730D1200701D12 /* OtherMainVC.swift */ = {isa = PBXFileReference; lastKnownFileType = sourcecode.swift; path = OtherMainVC.swift; sourceTree = "<group>"; };
		D2FE00EF9B5F9841E35E8E03 /* Pods-Swift_DemoUITests.debug.xcconfig */ = {isa = PBXFileReference; includeInIndex = 1; lastKnownFileType = text.xcconfig; name = "Pods-Swift_DemoUITests.debug.xcconfig"; path = "Target Support Files/Pods-Swift_DemoUITests/Pods-Swift_DemoUITests.debug.xcconfig"; sourceTree = "<group>"; };
		D34DB027E635B774661BB3F9 /* Pods_Swift_DemoTests.framework */ = {isa = PBXFileReference; explicitFileType = wrapper.framework; includeInIndex = 0; path = Pods_Swift_DemoTests.framework; sourceTree = BUILT_PRODUCTS_DIR; };
		E981CA72B224A7FAD7EA6D79 /* Pods-Swift_DemoUITests.release.xcconfig */ = {isa = PBXFileReference; includeInIndex = 1; lastKnownFileType = text.xcconfig; name = "Pods-Swift_DemoUITests.release.xcconfig"; path = "Target Support Files/Pods-Swift_DemoUITests/Pods-Swift_DemoUITests.release.xcconfig"; sourceTree = "<group>"; };
/* End PBXFileReference section */

/* Begin PBXFrameworksBuildPhase section */
		8107B7E9227145890054CB1D /* Frameworks */ = {
			isa = PBXFrameworksBuildPhase;
			buildActionMask = 2147483647;
			files = (
				8D19C0CEDEBA14BF7EED642F /* Pods_Swift_Demo.framework in Frameworks */,
			);
			runOnlyForDeploymentPostprocessing = 0;
		};
		8107B7FD2271458A0054CB1D /* Frameworks */ = {
			isa = PBXFrameworksBuildPhase;
			buildActionMask = 2147483647;
			files = (
				3ED1C4973A0EB64311FA6087 /* Pods_Swift_DemoTests.framework in Frameworks */,
			);
			runOnlyForDeploymentPostprocessing = 0;
		};
		8107B8082271458A0054CB1D /* Frameworks */ = {
			isa = PBXFrameworksBuildPhase;
			buildActionMask = 2147483647;
			files = (
				9BF2C394CD66A4E1E5E29E76 /* Pods_Swift_DemoUITests.framework in Frameworks */,
			);
			runOnlyForDeploymentPostprocessing = 0;
		};
/* End PBXFrameworksBuildPhase section */

/* Begin PBXGroup section */
		7DF57EDCB1AA6CB727507D98 /* Pods */ = {
			isa = PBXGroup;
			children = (
				0E2EEAF9B81BEC2973A96EF2 /* Pods-Swift_Demo.debug.xcconfig */,
				402812CB77BDB3C44D3AA40B /* Pods-Swift_Demo.release.xcconfig */,
				4BE63B31C13CF8E841E7E433 /* Pods-Swift_DemoTests.debug.xcconfig */,
				07A82AEA383CB892289DEDCA /* Pods-Swift_DemoTests.release.xcconfig */,
				D2FE00EF9B5F9841E35E8E03 /* Pods-Swift_DemoUITests.debug.xcconfig */,
				E981CA72B224A7FAD7EA6D79 /* Pods-Swift_DemoUITests.release.xcconfig */,
			);
			path = Pods;
			sourceTree = "<group>";
		};
		8107B7E3227145890054CB1D = {
			isa = PBXGroup;
			children = (
				8107B7EE227145890054CB1D /* Swift_Demo */,
				8107B8032271458A0054CB1D /* Swift_DemoTests */,
				8107B80E2271458A0054CB1D /* Swift_DemoUITests */,
				8107B7ED227145890054CB1D /* Products */,
				7DF57EDCB1AA6CB727507D98 /* Pods */,
				EABA6E7F8ED4AC1C96FA8DCD /* Frameworks */,
			);
			sourceTree = "<group>";
		};
		8107B7ED227145890054CB1D /* Products */ = {
			isa = PBXGroup;
			children = (
				8107B7EC227145890054CB1D /* Swift_Demo.app */,
				8107B8002271458A0054CB1D /* Swift_DemoTests.xctest */,
				8107B80B2271458A0054CB1D /* Swift_DemoUITests.xctest */,
			);
			name = Products;
			sourceTree = "<group>";
		};
		8107B7EE227145890054CB1D /* Swift_Demo */ = {
			isa = PBXGroup;
			children = (
				8107B823227146230054CB1D /* Tools */,
				8107B827227146460054CB1D /* BaseClass */,
				8107B82D2271487C0054CB1D /* Home */,
				8107B82E2271487C0054CB1D /* Mark */,
				8107B82B2271487B0054CB1D /* Trade */,
				81CFB04A22730CB600701D12 /* Other */,
				8107B82C2271487B0054CB1D /* Me */,
				8107B8262271462B0054CB1D /* Appdelegate */,
				8107B7F62271458A0054CB1D /* Assets.xcassets */,
				8107B7F82271458A0054CB1D /* LaunchScreen.storyboard */,
				8107B7FB2271458A0054CB1D /* Info.plist */,
			);
			path = Swift_Demo;
			sourceTree = "<group>";
		};
		8107B8032271458A0054CB1D /* Swift_DemoTests */ = {
			isa = PBXGroup;
			children = (
				8107B8042271458A0054CB1D /* Swift_DemoTests.swift */,
				8107B8062271458A0054CB1D /* Info.plist */,
			);
			path = Swift_DemoTests;
			sourceTree = "<group>";
		};
		8107B80E2271458A0054CB1D /* Swift_DemoUITests */ = {
			isa = PBXGroup;
			children = (
				8107B80F2271458A0054CB1D /* Swift_DemoUITests.swift */,
				8107B8112271458A0054CB1D /* Info.plist */,
			);
			path = Swift_DemoUITests;
			sourceTree = "<group>";
		};
		8107B823227146230054CB1D /* Tools */ = {
			isa = PBXGroup;
			children = (
				814EE113227E7FE50068F765 /* Animate */,
			);
			path = Tools;
			sourceTree = "<group>";
		};
		8107B8262271462B0054CB1D /* Appdelegate */ = {
			isa = PBXGroup;
			children = (
				8107B7EF227145890054CB1D /* AppDelegate.swift */,
			);
			path = Appdelegate;
			sourceTree = "<group>";
		};
		8107B827227146460054CB1D /* BaseClass */ = {
			isa = PBXGroup;
			children = (
				81CFB03F2273047200701D12 /* BaseViewController */,
				8107B828227146AA0054CB1D /* BaseTabbarController */,
			);
			path = BaseClass;
			sourceTree = "<group>";
		};
		8107B828227146AA0054CB1D /* BaseTabbarController */ = {
			isa = PBXGroup;
			children = (
				8107B829227147120054CB1D /* BaseTabbarController.swift */,
			);
			path = BaseTabbarController;
			sourceTree = "<group>";
		};
		8107B82B2271487B0054CB1D /* Trade */ = {
			isa = PBXGroup;
			children = (
				8107B8392271490F0054CB1D /* TradeMain */,
			);
			path = Trade;
			sourceTree = "<group>";
		};
		8107B82C2271487B0054CB1D /* Me */ = {
			isa = PBXGroup;
			children = (
				8107B83E227149160054CB1D /* MeMain */,
			);
			path = Me;
			sourceTree = "<group>";
		};
		8107B82D2271487C0054CB1D /* Home */ = {
			isa = PBXGroup;
			children = (
				8107B82F227148FD0054CB1D /* HomeMain */,
			);
			path = Home;
			sourceTree = "<group>";
		};
		8107B82E2271487C0054CB1D /* Mark */ = {
			isa = PBXGroup;
			children = (
				8107B834227149090054CB1D /* MarkMain */,
			);
			path = Mark;
			sourceTree = "<group>";
		};
		8107B82F227148FD0054CB1D /* HomeMain */ = {
			isa = PBXGroup;
			children = (
				8107B832227148FD0054CB1D /* Controllers */,
				8107B830227148FD0054CB1D /* ViewModel */,
				8107B831227148FD0054CB1D /* Models */,
				8107B833227148FD0054CB1D /* Views */,
			);
			path = HomeMain;
			sourceTree = "<group>";
		};
		8107B830227148FD0054CB1D /* ViewModel */ = {
			isa = PBXGroup;
			children = (
			);
			path = ViewModel;
			sourceTree = "<group>";
		};
		8107B831227148FD0054CB1D /* Models */ = {
			isa = PBXGroup;
			children = (
			);
			path = Models;
			sourceTree = "<group>";
		};
		8107B832227148FD0054CB1D /* Controllers */ = {
			isa = PBXGroup;
			children = (
				81CFB0422273049900701D12 /* HomeMainVC.swift */,
			);
			path = Controllers;
			sourceTree = "<group>";
		};
		8107B833227148FD0054CB1D /* Views */ = {
			isa = PBXGroup;
			children = (
			);
			path = Views;
			sourceTree = "<group>";
		};
		8107B834227149090054CB1D /* MarkMain */ = {
			isa = PBXGroup;
			children = (
				8107B837227149090054CB1D /* Controllers */,
				8107B835227149090054CB1D /* ViewModel */,
				8107B836227149090054CB1D /* Models */,
				8107B838227149090054CB1D /* Views */,
			);
			path = MarkMain;
			sourceTree = "<group>";
		};
		8107B835227149090054CB1D /* ViewModel */ = {
			isa = PBXGroup;
			children = (
			);
			path = ViewModel;
			sourceTree = "<group>";
		};
		8107B836227149090054CB1D /* Models */ = {
			isa = PBXGroup;
			children = (
			);
			path = Models;
			sourceTree = "<group>";
		};
		8107B837227149090054CB1D /* Controllers */ = {
			isa = PBXGroup;
			children = (
				81CFB044227304A600701D12 /* MarkMainVC.swift */,
			);
			path = Controllers;
			sourceTree = "<group>";
		};
		8107B838227149090054CB1D /* Views */ = {
			isa = PBXGroup;
			children = (
			);
			path = Views;
			sourceTree = "<group>";
		};
		8107B8392271490F0054CB1D /* TradeMain */ = {
			isa = PBXGroup;
			children = (
				8107B83C2271490F0054CB1D /* Controllers */,
				8107B83A2271490F0054CB1D /* ViewModel */,
				8107B83B2271490F0054CB1D /* Models */,
				8107B83D2271490F0054CB1D /* Views */,
			);
			path = TradeMain;
			sourceTree = "<group>";
		};
		8107B83A2271490F0054CB1D /* ViewModel */ = {
			isa = PBXGroup;
			children = (
			);
			path = ViewModel;
			sourceTree = "<group>";
		};
		8107B83B2271490F0054CB1D /* Models */ = {
			isa = PBXGroup;
			children = (
			);
			path = Models;
			sourceTree = "<group>";
		};
		8107B83C2271490F0054CB1D /* Controllers */ = {
			isa = PBXGroup;
			children = (
				81CFB046227304B500701D12 /* TradeMainVC.swift */,
			);
			path = Controllers;
			sourceTree = "<group>";
		};
		8107B83D2271490F0054CB1D /* Views */ = {
			isa = PBXGroup;
			children = (
			);
			path = Views;
			sourceTree = "<group>";
		};
		8107B83E227149160054CB1D /* MeMain */ = {
			isa = PBXGroup;
			children = (
				8107B841227149160054CB1D /* Controllers */,
				8107B83F227149160054CB1D /* ViewModel */,
				8107B840227149160054CB1D /* Models */,
				8107B842227149160054CB1D /* Views */,
			);
			path = MeMain;
			sourceTree = "<group>";
		};
		8107B83F227149160054CB1D /* ViewModel */ = {
			isa = PBXGroup;
			children = (
			);
			path = ViewModel;
			sourceTree = "<group>";
		};
		8107B840227149160054CB1D /* Models */ = {
			isa = PBXGroup;
			children = (
			);
			path = Models;
			sourceTree = "<group>";
		};
		8107B841227149160054CB1D /* Controllers */ = {
			isa = PBXGroup;
			children = (
				81CFB048227304C200701D12 /* MeMainVC.swift */,
			);
			path = Controllers;
			sourceTree = "<group>";
		};
		8107B842227149160054CB1D /* Views */ = {
			isa = PBXGroup;
			children = (
			);
			path = Views;
			sourceTree = "<group>";
		};
		814EE113227E7FE50068F765 /* Animate */ = {
			isa = PBXGroup;
			children = (
				814EE119227E801F0068F765 /* AnimateTool.swift */,
			);
			path = Animate;
			sourceTree = "<group>";
		};
		81CFB03F2273047200701D12 /* BaseViewController */ = {
			isa = PBXGroup;
			children = (
				81CFB0402273048200701D12 /* BaseViewController.swift */,
			);
			path = BaseViewController;
			sourceTree = "<group>";
		};
		81CFB04A22730CB600701D12 /* Other */ = {
			isa = PBXGroup;
			children = (
				81CFB04B22730CB600701D12 /* OtherMain */,
			);
			path = Other;
			sourceTree = "<group>";
		};
		81CFB04B22730CB600701D12 /* OtherMain */ = {
			isa = PBXGroup;
			children = (
				81CFB04E22730CB600701D12 /* Controllers */,
				81CFB04C22730CB600701D12 /* ViewModel */,
				81CFB04D22730CB600701D12 /* Models */,
				81CFB04F22730CB600701D12 /* Views */,
			);
			path = OtherMain;
			sourceTree = "<group>";
		};
		81CFB04C22730CB600701D12 /* ViewModel */ = {
			isa = PBXGroup;
			children = (
			);
			path = ViewModel;
			sourceTree = "<group>";
		};
		81CFB04D22730CB600701D12 /* Models */ = {
			isa = PBXGroup;
			children = (
			);
			path = Models;
			sourceTree = "<group>";
		};
		81CFB04E22730CB600701D12 /* Controllers */ = {
			isa = PBXGroup;
			children = (
				81CFB05222730D1200701D12 /* OtherMainVC.swift */,
			);
			path = Controllers;
			sourceTree = "<group>";
		};
		81CFB04F22730CB600701D12 /* Views */ = {
			isa = PBXGroup;
			children = (
			);
			path = Views;
			sourceTree = "<group>";
		};
		EABA6E7F8ED4AC1C96FA8DCD /* Frameworks */ = {
			isa = PBXGroup;
			children = (
				3A859A29D67B8ABF57D162C3 /* Pods_Swift_Demo.framework */,
				D34DB027E635B774661BB3F9 /* Pods_Swift_DemoTests.framework */,
				6AC70EA27613A1481DCF9D0B /* Pods_Swift_DemoUITests.framework */,
			);
			name = Frameworks;
			sourceTree = "<group>";
		};
/* End PBXGroup section */

/* Begin PBXNativeTarget section */
		8107B7EB227145890054CB1D /* Swift_Demo */ = {
			isa = PBXNativeTarget;
			buildConfigurationList = 8107B8142271458A0054CB1D /* Build configuration list for PBXNativeTarget "Swift_Demo" */;
			buildPhases = (
				7C05237D5A43D51E8D527726 /* [CP] Check Pods Manifest.lock */,
				8107B7E8227145890054CB1D /* Sources */,
				8107B7E9227145890054CB1D /* Frameworks */,
				8107B7EA227145890054CB1D /* Resources */,
			);
			buildRules = (
			);
			dependencies = (
			);
			name = Swift_Demo;
			productName = Swift_Demo;
			productReference = 8107B7EC227145890054CB1D /* Swift_Demo.app */;
			productType = "com.apple.product-type.application";
		};
		8107B7FF2271458A0054CB1D /* Swift_DemoTests */ = {
			isa = PBXNativeTarget;
			buildConfigurationList = 8107B8172271458A0054CB1D /* Build configuration list for PBXNativeTarget "Swift_DemoTests" */;
			buildPhases = (
				17680D0E78030625FE671A63 /* [CP] Check Pods Manifest.lock */,
				8107B7FC2271458A0054CB1D /* Sources */,
				8107B7FD2271458A0054CB1D /* Frameworks */,
				8107B7FE2271458A0054CB1D /* Resources */,
				584CDD3E7D697FB958F1EDF6 /* [CP] Embed Pods Frameworks */,
			);
			buildRules = (
			);
			dependencies = (
				8107B8022271458A0054CB1D /* PBXTargetDependency */,
			);
			name = Swift_DemoTests;
			productName = Swift_DemoTests;
			productReference = 8107B8002271458A0054CB1D /* Swift_DemoTests.xctest */;
			productType = "com.apple.product-type.bundle.unit-test";
		};
		8107B80A2271458A0054CB1D /* Swift_DemoUITests */ = {
			isa = PBXNativeTarget;
			buildConfigurationList = 8107B81A2271458A0054CB1D /* Build configuration list for PBXNativeTarget "Swift_DemoUITests" */;
			buildPhases = (
				819348654024571AE52469DB /* [CP] Check Pods Manifest.lock */,
				8107B8072271458A0054CB1D /* Sources */,
				8107B8082271458A0054CB1D /* Frameworks */,
				8107B8092271458A0054CB1D /* Resources */,
			);
			buildRules = (
			);
			dependencies = (
				8107B80D2271458A0054CB1D /* PBXTargetDependency */,
			);
			name = Swift_DemoUITests;
			productName = Swift_DemoUITests;
			productReference = 8107B80B2271458A0054CB1D /* Swift_DemoUITests.xctest */;
			productType = "com.apple.product-type.bundle.ui-testing";
		};
/* End PBXNativeTarget section */

/* Begin PBXProject section */
		8107B7E4227145890054CB1D /* Project object */ = {
			isa = PBXProject;
			attributes = {
				LastSwiftUpdateCheck = 1010;
				LastUpgradeCheck = 1010;
				ORGANIZATIONNAME = apple;
				TargetAttributes = {
					8107B7EB227145890054CB1D = {
						CreatedOnToolsVersion = 10.1;
						LastSwiftMigration = 1010;
					};
					8107B7FF2271458A0054CB1D = {
						CreatedOnToolsVersion = 10.1;
						TestTargetID = 8107B7EB227145890054CB1D;
					};
					8107B80A2271458A0054CB1D = {
						CreatedOnToolsVersion = 10.1;
						TestTargetID = 8107B7EB227145890054CB1D;
					};
				};
			};
			buildConfigurationList = 8107B7E7227145890054CB1D /* Build configuration list for PBXProject "Swift_Demo" */;
			compatibilityVersion = "Xcode 9.3";
			developmentRegion = en;
			hasScannedForEncodings = 0;
			knownRegions = (
				en,
				Base,
			);
			mainGroup = 8107B7E3227145890054CB1D;
			productRefGroup = 8107B7ED227145890054CB1D /* Products */;
			projectDirPath = "";
			projectRoot = "";
			targets = (
				8107B7EB227145890054CB1D /* Swift_Demo */,
				8107B7FF2271458A0054CB1D /* Swift_DemoTests */,
				8107B80A2271458A0054CB1D /* Swift_DemoUITests */,
			);
		};
/* End PBXProject section */

/* Begin PBXResourcesBuildPhase section */
		8107B7EA227145890054CB1D /* Resources */ = {
			isa = PBXResourcesBuildPhase;
			buildActionMask = 2147483647;
			files = (
				8107B7FA2271458A0054CB1D /* LaunchScreen.storyboard in Resources */,
				8107B7F72271458A0054CB1D /* Assets.xcassets in Resources */,
			);
			runOnlyForDeploymentPostprocessing = 0;
		};
		8107B7FE2271458A0054CB1D /* Resources */ = {
			isa = PBXResourcesBuildPhase;
			buildActionMask = 2147483647;
			files = (
			);
			runOnlyForDeploymentPostprocessing = 0;
		};
		8107B8092271458A0054CB1D /* Resources */ = {
			isa = PBXResourcesBuildPhase;
			buildActionMask = 2147483647;
			files = (
			);
			runOnlyForDeploymentPostprocessing = 0;
		};
/* End PBXResourcesBuildPhase section */

/* Begin PBXShellScriptBuildPhase section */
		17680D0E78030625FE671A63 /* [CP] Check Pods Manifest.lock */ = {
			isa = PBXShellScriptBuildPhase;
			buildActionMask = 2147483647;
			files = (
			);
			inputFileListPaths = (
			);
			inputPaths = (
				"${PODS_PODFILE_DIR_PATH}/Podfile.lock",
				"${PODS_ROOT}/Manifest.lock",
			);
			name = "[CP] Check Pods Manifest.lock";
			outputFileListPaths = (
			);
			outputPaths = (
				"$(DERIVED_FILE_DIR)/Pods-Swift_DemoTests-checkManifestLockResult.txt",
			);
			runOnlyForDeploymentPostprocessing = 0;
			shellPath = /bin/sh;
			shellScript = "diff \"${PODS_PODFILE_DIR_PATH}/Podfile.lock\" \"${PODS_ROOT}/Manifest.lock\" > /dev/null\nif [ $? != 0 ] ; then\n    # print error to STDERR\n    echo \"error: The sandbox is not in sync with the Podfile.lock. Run 'pod install' or update your CocoaPods installation.\" >&2\n    exit 1\nfi\n# This output is used by Xcode 'outputs' to avoid re-running this script phase.\necho \"SUCCESS\" > \"${SCRIPT_OUTPUT_FILE_0}\"\n";
			showEnvVarsInLog = 0;
		};
		584CDD3E7D697FB958F1EDF6 /* [CP] Embed Pods Frameworks */ = {
			isa = PBXShellScriptBuildPhase;
			buildActionMask = 2147483647;
			files = (
			);
			inputFileListPaths = (
			);
			inputPaths = (
				"${PODS_ROOT}/Target Support Files/Pods-Swift_DemoTests/Pods-Swift_DemoTests-frameworks.sh",
				"${BUILT_PRODUCTS_DIR}/Alamofire/Alamofire.framework",
				"${BUILT_PRODUCTS_DIR}/DGElasticPullToRefresh/DGElasticPullToRefresh.framework",
				"${BUILT_PRODUCTS_DIR}/DOFavoriteButton/DOFavoriteButton.framework",
				"${BUILT_PRODUCTS_DIR}/Moya/Moya.framework",
				"${BUILT_PRODUCTS_DIR}/NumberMorphView/NumberMorphView.framework",
				"${BUILT_PRODUCTS_DIR}/PeekPop/PeekPop.framework",
				"${BUILT_PRODUCTS_DIR}/RAMAnimatedTabBarController/RAMAnimatedTabBarController.framework",
				"${BUILT_PRODUCTS_DIR}/Result/Result.framework",
				"${BUILT_PRODUCTS_DIR}/RxCocoa/RxCocoa.framework",
				"${BUILT_PRODUCTS_DIR}/RxSwift/RxSwift.framework",
				"${BUILT_PRODUCTS_DIR}/SnapKit/SnapKit.framework",
			);
			name = "[CP] Embed Pods Frameworks";
			outputFileListPaths = (
			);
			outputPaths = (
				"${TARGET_BUILD_DIR}/${FRAMEWORKS_FOLDER_PATH}/Alamofire.framework",
				"${TARGET_BUILD_DIR}/${FRAMEWORKS_FOLDER_PATH}/DGElasticPullToRefresh.framework",
				"${TARGET_BUILD_DIR}/${FRAMEWORKS_FOLDER_PATH}/DOFavoriteButton.framework",
				"${TARGET_BUILD_DIR}/${FRAMEWORKS_FOLDER_PATH}/Moya.framework",
				"${TARGET_BUILD_DIR}/${FRAMEWORKS_FOLDER_PATH}/NumberMorphView.framework",
				"${TARGET_BUILD_DIR}/${FRAMEWORKS_FOLDER_PATH}/PeekPop.framework",
				"${TARGET_BUILD_DIR}/${FRAMEWORKS_FOLDER_PATH}/RAMAnimatedTabBarController.framework",
				"${TARGET_BUILD_DIR}/${FRAMEWORKS_FOLDER_PATH}/Result.framework",
				"${TARGET_BUILD_DIR}/${FRAMEWORKS_FOLDER_PATH}/RxCocoa.framework",
				"${TARGET_BUILD_DIR}/${FRAMEWORKS_FOLDER_PATH}/RxSwift.framework",
				"${TARGET_BUILD_DIR}/${FRAMEWORKS_FOLDER_PATH}/SnapKit.framework",
			);
			runOnlyForDeploymentPostprocessing = 0;
			shellPath = /bin/sh;
			shellScript = "\"${PODS_ROOT}/Target Support Files/Pods-Swift_DemoTests/Pods-Swift_DemoTests-frameworks.sh\"\n";
			showEnvVarsInLog = 0;
		};
		7C05237D5A43D51E8D527726 /* [CP] Check Pods Manifest.lock */ = {
			isa = PBXShellScriptBuildPhase;
			buildActionMask = 2147483647;
			files = (
			);
			inputFileListPaths = (
			);
			inputPaths = (
				"${PODS_PODFILE_DIR_PATH}/Podfile.lock",
				"${PODS_ROOT}/Manifest.lock",
			);
			name = "[CP] Check Pods Manifest.lock";
			outputFileListPaths = (
			);
			outputPaths = (
				"$(DERIVED_FILE_DIR)/Pods-Swift_Demo-checkManifestLockResult.txt",
			);
			runOnlyForDeploymentPostprocessing = 0;
			shellPath = /bin/sh;
			shellScript = "diff \"${PODS_PODFILE_DIR_PATH}/Podfile.lock\" \"${PODS_ROOT}/Manifest.lock\" > /dev/null\nif [ $? != 0 ] ; then\n    # print error to STDERR\n    echo \"error: The sandbox is not in sync with the Podfile.lock. Run 'pod install' or update your CocoaPods installation.\" >&2\n    exit 1\nfi\n# This output is used by Xcode 'outputs' to avoid re-running this script phase.\necho \"SUCCESS\" > \"${SCRIPT_OUTPUT_FILE_0}\"\n";
			showEnvVarsInLog = 0;
		};
		819348654024571AE52469DB /* [CP] Check Pods Manifest.lock */ = {
			isa = PBXShellScriptBuildPhase;
			buildActionMask = 2147483647;
			files = (
			);
			inputFileListPaths = (
			);
			inputPaths = (
				"${PODS_PODFILE_DIR_PATH}/Podfile.lock",
				"${PODS_ROOT}/Manifest.lock",
			);
			name = "[CP] Check Pods Manifest.lock";
			outputFileListPaths = (
			);
			outputPaths = (
				"$(DERIVED_FILE_DIR)/Pods-Swift_DemoUITests-checkManifestLockResult.txt",
			);
			runOnlyForDeploymentPostprocessing = 0;
			shellPath = /bin/sh;
			shellScript = "diff \"${PODS_PODFILE_DIR_PATH}/Podfile.lock\" \"${PODS_ROOT}/Manifest.lock\" > /dev/null\nif [ $? != 0 ] ; then\n    # print error to STDERR\n    echo \"error: The sandbox is not in sync with the Podfile.lock. Run 'pod install' or update your CocoaPods installation.\" >&2\n    exit 1\nfi\n# This output is used by Xcode 'outputs' to avoid re-running this script phase.\necho \"SUCCESS\" > \"${SCRIPT_OUTPUT_FILE_0}\"\n";
			showEnvVarsInLog = 0;
		};
/* End PBXShellScriptBuildPhase section */

/* Begin PBXSourcesBuildPhase section */
		8107B7E8227145890054CB1D /* Sources */ = {
			isa = PBXSourcesBuildPhase;
			buildActionMask = 2147483647;
			files = (
				81CFB049227304C200701D12 /* MeMainVC.swift in Sources */,
				814EE11A227E801F0068F765 /* AnimateTool.swift in Sources */,
				8107B82A227147120054CB1D /* BaseTabbarController.swift in Sources */,
				8107B7F0227145890054CB1D /* AppDelegate.swift in Sources */,
				81CFB047227304B500701D12 /* TradeMainVC.swift in Sources */,
				81CFB05322730D1200701D12 /* OtherMainVC.swift in Sources */,
				81CFB045227304A600701D12 /* MarkMainVC.swift in Sources */,
				81CFB0432273049900701D12 /* HomeMainVC.swift in Sources */,
				81CFB0412273048200701D12 /* BaseViewController.swift in Sources */,
			);
			runOnlyForDeploymentPostprocessing = 0;
		};
		8107B7FC2271458A0054CB1D /* Sources */ = {
			isa = PBXSourcesBuildPhase;
			buildActionMask = 2147483647;
			files = (
				8107B8052271458A0054CB1D /* Swift_DemoTests.swift in Sources */,
			);
			runOnlyForDeploymentPostprocessing = 0;
		};
		8107B8072271458A0054CB1D /* Sources */ = {
			isa = PBXSourcesBuildPhase;
			buildActionMask = 2147483647;
			files = (
				8107B8102271458A0054CB1D /* Swift_DemoUITests.swift in Sources */,
			);
			runOnlyForDeploymentPostprocessing = 0;
		};
/* End PBXSourcesBuildPhase section */

/* Begin PBXTargetDependency section */
		8107B8022271458A0054CB1D /* PBXTargetDependency */ = {
			isa = PBXTargetDependency;
			target = 8107B7EB227145890054CB1D /* Swift_Demo */;
			targetProxy = 8107B8012271458A0054CB1D /* PBXContainerItemProxy */;
		};
		8107B80D2271458A0054CB1D /* PBXTargetDependency */ = {
			isa = PBXTargetDependency;
			target = 8107B7EB227145890054CB1D /* Swift_Demo */;
			targetProxy = 8107B80C2271458A0054CB1D /* PBXContainerItemProxy */;
		};
/* End PBXTargetDependency section */

/* Begin PBXVariantGroup section */
		8107B7F82271458A0054CB1D /* LaunchScreen.storyboard */ = {
			isa = PBXVariantGroup;
			children = (
				8107B7F92271458A0054CB1D /* Base */,
			);
			name = LaunchScreen.storyboard;
			sourceTree = "<group>";
		};
/* End PBXVariantGroup section */

/* Begin XCBuildConfiguration section */
		8107B8122271458A0054CB1D /* Debug */ = {
			isa = XCBuildConfiguration;
			buildSettings = {
				ALWAYS_SEARCH_USER_PATHS = NO;
				CLANG_ANALYZER_NONNULL = YES;
				CLANG_ANALYZER_NUMBER_OBJECT_CONVERSION = YES_AGGRESSIVE;
				CLANG_CXX_LANGUAGE_STANDARD = "gnu++14";
				CLANG_CXX_LIBRARY = "libc++";
				CLANG_ENABLE_MODULES = YES;
				CLANG_ENABLE_OBJC_ARC = YES;
				CLANG_ENABLE_OBJC_WEAK = YES;
				CLANG_WARN_BLOCK_CAPTURE_AUTORELEASING = YES;
				CLANG_WARN_BOOL_CONVERSION = YES;
				CLANG_WARN_COMMA = YES;
				CLANG_WARN_CONSTANT_CONVERSION = YES;
				CLANG_WARN_DEPRECATED_OBJC_IMPLEMENTATIONS = YES;
				CLANG_WARN_DIRECT_OBJC_ISA_USAGE = YES_ERROR;
				CLANG_WARN_DOCUMENTATION_COMMENTS = YES;
				CLANG_WARN_EMPTY_BODY = YES;
				CLANG_WARN_ENUM_CONVERSION = YES;
				CLANG_WARN_INFINITE_RECURSION = YES;
				CLANG_WARN_INT_CONVERSION = YES;
				CLANG_WARN_NON_LITERAL_NULL_CONVERSION = YES;
				CLANG_WARN_OBJC_IMPLICIT_RETAIN_SELF = YES;
				CLANG_WARN_OBJC_LITERAL_CONVERSION = YES;
				CLANG_WARN_OBJC_ROOT_CLASS = YES_ERROR;
				CLANG_WARN_RANGE_LOOP_ANALYSIS = YES;
				CLANG_WARN_STRICT_PROTOTYPES = YES;
				CLANG_WARN_SUSPICIOUS_MOVE = YES;
				CLANG_WARN_UNGUARDED_AVAILABILITY = YES_AGGRESSIVE;
				CLANG_WARN_UNREACHABLE_CODE = YES;
				CLANG_WARN__DUPLICATE_METHOD_MATCH = YES;
				CODE_SIGN_IDENTITY = "iPhone Developer";
				COPY_PHASE_STRIP = NO;
				DEBUG_INFORMATION_FORMAT = dwarf;
				ENABLE_STRICT_OBJC_MSGSEND = YES;
				ENABLE_TESTABILITY = YES;
				GCC_C_LANGUAGE_STANDARD = gnu11;
				GCC_DYNAMIC_NO_PIC = NO;
				GCC_NO_COMMON_BLOCKS = YES;
				GCC_OPTIMIZATION_LEVEL = 0;
				GCC_PREPROCESSOR_DEFINITIONS = (
					"DEBUG=1",
					"$(inherited)",
				);
				GCC_WARN_64_TO_32_BIT_CONVERSION = YES;
				GCC_WARN_ABOUT_RETURN_TYPE = YES_ERROR;
				GCC_WARN_UNDECLARED_SELECTOR = YES;
				GCC_WARN_UNINITIALIZED_AUTOS = YES_AGGRESSIVE;
				GCC_WARN_UNUSED_FUNCTION = YES;
				GCC_WARN_UNUSED_VARIABLE = YES;
				IPHONEOS_DEPLOYMENT_TARGET = 12.1;
				MTL_ENABLE_DEBUG_INFO = INCLUDE_SOURCE;
				MTL_FAST_MATH = YES;
				ONLY_ACTIVE_ARCH = YES;
				SDKROOT = iphoneos;
				SWIFT_ACTIVE_COMPILATION_CONDITIONS = DEBUG;
				SWIFT_OPTIMIZATION_LEVEL = "-Onone";
			};
			name = Debug;
		};
		8107B8132271458A0054CB1D /* Release */ = {
			isa = XCBuildConfiguration;
			buildSettings = {
				ALWAYS_SEARCH_USER_PATHS = NO;
				CLANG_ANALYZER_NONNULL = YES;
				CLANG_ANALYZER_NUMBER_OBJECT_CONVERSION = YES_AGGRESSIVE;
				CLANG_CXX_LANGUAGE_STANDARD = "gnu++14";
				CLANG_CXX_LIBRARY = "libc++";
				CLANG_ENABLE_MODULES = YES;
				CLANG_ENABLE_OBJC_ARC = YES;
				CLANG_ENABLE_OBJC_WEAK = YES;
				CLANG_WARN_BLOCK_CAPTURE_AUTORELEASING = YES;
				CLANG_WARN_BOOL_CONVERSION = YES;
				CLANG_WARN_COMMA = YES;
				CLANG_WARN_CONSTANT_CONVERSION = YES;
				CLANG_WARN_DEPRECATED_OBJC_IMPLEMENTATIONS = YES;
				CLANG_WARN_DIRECT_OBJC_ISA_USAGE = YES_ERROR;
				CLANG_WARN_DOCUMENTATION_COMMENTS = YES;
				CLANG_WARN_EMPTY_BODY = YES;
				CLANG_WARN_ENUM_CONVERSION = YES;
				CLANG_WARN_INFINITE_RECURSION = YES;
				CLANG_WARN_INT_CONVERSION = YES;
				CLANG_WARN_NON_LITERAL_NULL_CONVERSION = YES;
				CLANG_WARN_OBJC_IMPLICIT_RETAIN_SELF = YES;
				CLANG_WARN_OBJC_LITERAL_CONVERSION = YES;
				CLANG_WARN_OBJC_ROOT_CLASS = YES_ERROR;
				CLANG_WARN_RANGE_LOOP_ANALYSIS = YES;
				CLANG_WARN_STRICT_PROTOTYPES = YES;
				CLANG_WARN_SUSPICIOUS_MOVE = YES;
				CLANG_WARN_UNGUARDED_AVAILABILITY = YES_AGGRESSIVE;
				CLANG_WARN_UNREACHABLE_CODE = YES;
				CLANG_WARN__DUPLICATE_METHOD_MATCH = YES;
				CODE_SIGN_IDENTITY = "iPhone Developer";
				COPY_PHASE_STRIP = NO;
				DEBUG_INFORMATION_FORMAT = "dwarf-with-dsym";
				ENABLE_NS_ASSERTIONS = NO;
				ENABLE_STRICT_OBJC_MSGSEND = YES;
				GCC_C_LANGUAGE_STANDARD = gnu11;
				GCC_NO_COMMON_BLOCKS = YES;
				GCC_WARN_64_TO_32_BIT_CONVERSION = YES;
				GCC_WARN_ABOUT_RETURN_TYPE = YES_ERROR;
				GCC_WARN_UNDECLARED_SELECTOR = YES;
				GCC_WARN_UNINITIALIZED_AUTOS = YES_AGGRESSIVE;
				GCC_WARN_UNUSED_FUNCTION = YES;
				GCC_WARN_UNUSED_VARIABLE = YES;
				IPHONEOS_DEPLOYMENT_TARGET = 12.1;
				MTL_ENABLE_DEBUG_INFO = NO;
				MTL_FAST_MATH = YES;
				SDKROOT = iphoneos;
				SWIFT_COMPILATION_MODE = wholemodule;
				SWIFT_OPTIMIZATION_LEVEL = "-O";
				VALIDATE_PRODUCT = YES;
			};
			name = Release;
		};
		8107B8152271458A0054CB1D /* Debug */ = {
			isa = XCBuildConfiguration;
			baseConfigurationReference = 0E2EEAF9B81BEC2973A96EF2 /* Pods-Swift_Demo.debug.xcconfig */;
			buildSettings = {
				ASSETCATALOG_COMPILER_APPICON_NAME = AppIcon;
				CLANG_ENABLE_MODULES = YES;
				CODE_SIGN_STYLE = Automatic;
				INFOPLIST_FILE = Swift_Demo/Info.plist;
				LD_RUNPATH_SEARCH_PATHS = (
					"$(inherited)",
					"@executable_path/Frameworks",
				);
				PRODUCT_BUNDLE_IDENTIFIER = "org.xwjyw.feng.Swift-Demo";
				PRODUCT_NAME = "$(TARGET_NAME)";
				SWIFT_OPTIMIZATION_LEVEL = "-Onone";
				SWIFT_VERSION = 4.2;
				TARGETED_DEVICE_FAMILY = "1,2";
			};
			name = Debug;
		};
		8107B8162271458A0054CB1D /* Release */ = {
			isa = XCBuildConfiguration;
			baseConfigurationReference = 402812CB77BDB3C44D3AA40B /* Pods-Swift_Demo.release.xcconfig */;
			buildSettings = {
				ASSETCATALOG_COMPILER_APPICON_NAME = AppIcon;
				CLANG_ENABLE_MODULES = YES;
				CODE_SIGN_STYLE = Automatic;
				INFOPLIST_FILE = Swift_Demo/Info.plist;
				LD_RUNPATH_SEARCH_PATHS = (
					"$(inherited)",
					"@executable_path/Frameworks",
				);
				PRODUCT_BUNDLE_IDENTIFIER = "org.xwjyw.feng.Swift-Demo";
				PRODUCT_NAME = "$(TARGET_NAME)";
				SWIFT_VERSION = 4.2;
				TARGETED_DEVICE_FAMILY = "1,2";
			};
			name = Release;
		};
		8107B8182271458A0054CB1D /* Debug */ = {
			isa = XCBuildConfiguration;
			baseConfigurationReference = 4BE63B31C13CF8E841E7E433 /* Pods-Swift_DemoTests.debug.xcconfig */;
			buildSettings = {
				ALWAYS_EMBED_SWIFT_STANDARD_LIBRARIES = YES;
				BUNDLE_LOADER = "$(TEST_HOST)";
				CODE_SIGN_STYLE = Automatic;
				INFOPLIST_FILE = Swift_DemoTests/Info.plist;
				LD_RUNPATH_SEARCH_PATHS = (
					"$(inherited)",
					"@executable_path/Frameworks",
					"@loader_path/Frameworks",
				);
				PRODUCT_BUNDLE_IDENTIFIER = "org.xwjyw.feng.Swift-DemoTests";
				PRODUCT_NAME = "$(TARGET_NAME)";
				SWIFT_VERSION = 4.2;
				TARGETED_DEVICE_FAMILY = "1,2";
				TEST_HOST = "$(BUILT_PRODUCTS_DIR)/Swift_Demo.app/Swift_Demo";
			};
			name = Debug;
		};
		8107B8192271458A0054CB1D /* Release */ = {
			isa = XCBuildConfiguration;
			baseConfigurationReference = 07A82AEA383CB892289DEDCA /* Pods-Swift_DemoTests.release.xcconfig */;
			buildSettings = {
				ALWAYS_EMBED_SWIFT_STANDARD_LIBRARIES = YES;
				BUNDLE_LOADER = "$(TEST_HOST)";
				CODE_SIGN_STYLE = Automatic;
				INFOPLIST_FILE = Swift_DemoTests/Info.plist;
				LD_RUNPATH_SEARCH_PATHS = (
					"$(inherited)",
					"@executable_path/Frameworks",
					"@loader_path/Frameworks",
				);
				PRODUCT_BUNDLE_IDENTIFIER = "org.xwjyw.feng.Swift-DemoTests";
				PRODUCT_NAME = "$(TARGET_NAME)";
				SWIFT_VERSION = 4.2;
				TARGETED_DEVICE_FAMILY = "1,2";
				TEST_HOST = "$(BUILT_PRODUCTS_DIR)/Swift_Demo.app/Swift_Demo";
			};
			name = Release;
		};
		8107B81B2271458A0054CB1D /* Debug */ = {
			isa = XCBuildConfiguration;
			baseConfigurationReference = D2FE00EF9B5F9841E35E8E03 /* Pods-Swift_DemoUITests.debug.xcconfig */;
			buildSettings = {
				ALWAYS_EMBED_SWIFT_STANDARD_LIBRARIES = YES;
				CODE_SIGN_STYLE = Automatic;
				INFOPLIST_FILE = Swift_DemoUITests/Info.plist;
				LD_RUNPATH_SEARCH_PATHS = (
					"$(inherited)",
					"@executable_path/Frameworks",
					"@loader_path/Frameworks",
				);
				PRODUCT_BUNDLE_IDENTIFIER = "org.xwjyw.feng.Swift-DemoUITests";
				PRODUCT_NAME = "$(TARGET_NAME)";
				SWIFT_VERSION = 4.2;
				TARGETED_DEVICE_FAMILY = "1,2";
				TEST_TARGET_NAME = Swift_Demo;
			};
			name = Debug;
		};
		8107B81C2271458A0054CB1D /* Release */ = {
			isa = XCBuildConfiguration;
			baseConfigurationReference = E981CA72B224A7FAD7EA6D79 /* Pods-Swift_DemoUITests.release.xcconfig */;
			buildSettings = {
				ALWAYS_EMBED_SWIFT_STANDARD_LIBRARIES = YES;
				CODE_SIGN_STYLE = Automatic;
				INFOPLIST_FILE = Swift_DemoUITests/Info.plist;
				LD_RUNPATH_SEARCH_PATHS = (
					"$(inherited)",
					"@executable_path/Frameworks",
					"@loader_path/Frameworks",
				);
				PRODUCT_BUNDLE_IDENTIFIER = "org.xwjyw.feng.Swift-DemoUITests";
				PRODUCT_NAME = "$(TARGET_NAME)";
				SWIFT_VERSION = 4.2;
				TARGETED_DEVICE_FAMILY = "1,2";
				TEST_TARGET_NAME = Swift_Demo;
			};
			name = Release;
		};
/* End XCBuildConfiguration section */

/* Begin XCConfigurationList section */
		8107B7E7227145890054CB1D /* Build configuration list for PBXProject "Swift_Demo" */ = {
			isa = XCConfigurationList;
			buildConfigurations = (
				8107B8122271458A0054CB1D /* Debug */,
				8107B8132271458A0054CB1D /* Release */,
			);
			defaultConfigurationIsVisible = 0;
			defaultConfigurationName = Release;
		};
		8107B8142271458A0054CB1D /* Build configuration list for PBXNativeTarget "Swift_Demo" */ = {
			isa = XCConfigurationList;
			buildConfigurations = (
				8107B8152271458A0054CB1D /* Debug */,
				8107B8162271458A0054CB1D /* Release */,
			);
			defaultConfigurationIsVisible = 0;
			defaultConfigurationName = Release;
		};
		8107B8172271458A0054CB1D /* Build configuration list for PBXNativeTarget "Swift_DemoTests" */ = {
			isa = XCConfigurationList;
			buildConfigurations = (
				8107B8182271458A0054CB1D /* Debug */,
				8107B8192271458A0054CB1D /* Release */,
			);
			defaultConfigurationIsVisible = 0;
			defaultConfigurationName = Release;
		};
		8107B81A2271458A0054CB1D /* Build configuration list for PBXNativeTarget "Swift_DemoUITests" */ = {
			isa = XCConfigurationList;
			buildConfigurations = (
				8107B81B2271458A0054CB1D /* Debug */,
				8107B81C2271458A0054CB1D /* Release */,
			);
			defaultConfigurationIsVisible = 0;
			defaultConfigurationName = Release;
		};
/* End XCConfigurationList section */
	};
	rootObject = 8107B7E4227145890054CB1D /* Project object */;
}
